
Microsoft Visual Studio Solution File, Format Version 12.00
# Visual Studio Version 16
VisualStudioVersion = 16.0.31829.152
MinimumVisualStudioVersion = 10.0.40219.1
Project("{FAE04EC0-301F-11D3-BF4B-00C04F79EFBC}") = "HauntedModMenu", "HauntedModMenu\HauntedModMenu.csproj", "{819AC7A6-D544-4782-A8A7-68DD6165414E}"
EndProject
Global
	GlobalSection(SolutionConfigurationPlatforms) = preSolution
		Debug|Any CPU = Debug|Any CPU
		Release|Any CPU = Release|Any CPU
	EndGlobalSection
	GlobalSection(ProjectConfigurationPlatforms) = postSolution
		{819AC7A6-D544-4782-A8A7-68DD6165414E}.Debug|Any CPU.ActiveCfg = Debug|Any CPU
		{819AC7A6-D544-4782-A8A7-68DD6165414E}.Debug|Any CPU.Build.0 = Debug|Any CPU
		{819AC7A6-D544-4782-A8A7-68DD6165414E}.Release|Any CPU.ActiveCfg = Release|Any CPU
		{819AC7A6-D544-4782-A8A7-68DD6165414E}.Release|Any CPU.Build.0 = Release|Any CPU
	EndGlobalSection
	GlobalSection(SolutionProperties) = preSolution
		HideSolutionNode = FALSE
	EndGlobalSection
	GlobalSection(ExtensibilityGlobals) = postSolution
		SolutionGuid = {5EA6DF80-C1D8-4B04-BFEE-3DFA7FFDC427}
	EndGlobalSection
EndGlobal
